// !$*UTF8*$!
{
	archiveVersion = 1;
	classes = {
	};
	objectVersion = 50;
	objects = {

/* Begin PBXBuildFile section */
		D148996A27084D9E0065CEE9 /* AppDelegate.swift in Sources */ = {isa = PBXBuildFile; fileRef = D148996927084D9E0065CEE9 /* AppDelegate.swift */; };
		D148996C27084D9E0065CEE9 /* SceneDelegate.swift in Sources */ = {isa = PBXBuildFile; fileRef = D148996B27084D9E0065CEE9 /* SceneDelegate.swift */; };
		D148996E27084D9E0065CEE9 /* ViewController.swift in Sources */ = {isa = PBXBuildFile; fileRef = D148996D27084D9E0065CEE9 /* ViewController.swift */; };
		D148997127084D9E0065CEE9 /* Main.storyboard in Resources */ = {isa = PBXBuildFile; fileRef = D148996F27084D9E0065CEE9 /* Main.storyboard */; };
		D148997327084DA00065CEE9 /* Assets.xcassets in Resources */ = {isa = PBXBuildFile; fileRef = D148997227084DA00065CEE9 /* Assets.xcassets */; };
		D148997627084DA00065CEE9 /* LaunchScreen.storyboard in Resources */ = {isa = PBXBuildFile; fileRef = D148997427084DA00065CEE9 /* LaunchScreen.storyboard */; };
		D148997E27084DC20065CEE9 /* User.swift in Sources */ = {isa = PBXBuildFile; fileRef = D148997D27084DC20065CEE9 /* User.swift */; };
		D148998027084DE10065CEE9 /* Observable.swift in Sources */ = {isa = PBXBuildFile; fileRef = D148997F27084DE10065CEE9 /* Observable.swift */; };
		D1489982270858B60065CEE9 /* BoundTextField.swift in Sources */ = {isa = PBXBuildFile; fileRef = D1489981270858B60065CEE9 /* BoundTextField.swift */; };
/* End PBXBuildFile section */

/* Begin PBXFileReference section */
		D148996627084D9E0065CEE9 /* MVVM_example.app */ = {isa = PBXFileReference; explicitFileType = wrapper.application; includeInIndex = 0; path = MVVM_example.app; sourceTree = BUILT_PRODUCTS_DIR; };
		D148996927084D9E0065CEE9 /* AppDelegate.swift */ = {isa = PBXFileReference; lastKnownFileType = sourcecode.swift; path = AppDelegate.swift; sourceTree = "<group>"; };
		D148996B27084D9E0065CEE9 /* SceneDelegate.swift */ = {isa = PBXFileReference; lastKnownFileType = sourcecode.swift; path = SceneDelegate.swift; sourceTree = "<group>"; };
		D148996D27084D9E0065CEE9 /* ViewController.swift */ = {isa = PBXFileReference; lastKnownFileType = sourcecode.swift; path = ViewController.swift; sourceTree = "<group>"; };
		D148997027084D9E0065CEE9 /* Base */ = {isa = PBXFileReference; lastKnownFileType = file.storyboard; name = Base; path = Base.lproj/Main.storyboard; sourceTree = "<group>"; };
		D148997227084DA00065CEE9 /* Assets.xcassets */ = {isa = PBXFileReference; lastKnownFileType = folder.assetcatalog; path = Assets.xcassets; sourceTree = "<group>"; };
		D148997527084DA00065CEE9 /* Base */ = {isa = PBXFileReference; lastKnownFileType = file.storyboard; name = Base; path = Base.lproj/LaunchScreen.storyboard; sourceTree = "<group>"; };
		D148997727084DA00065CEE9 /* Info.plist */ = {isa = PBXFileReference; lastKnownFileType = text.plist.xml; path = Info.plist; sourceTree = "<group>"; };
		D148997D27084DC20065CEE9 /* User.swift */ = {isa = PBXFileReference; lastKnownFileType = sourcecode.swift; path = User.swift; sourceTree = "<group>"; };
		D148997F27084DE10065CEE9 /* Observable.swift */ = {isa = PBXFileReference; lastKnownFileType = sourcecode.swift; path = Observable.swift; sourceTree = "<group>"; };
		D1489981270858B60065CEE9 /* BoundTextField.swift */ = {isa = PBXFileReference; lastKnownFileType = sourcecode.swift; path = BoundTextField.swift; sourceTree = "<group>"; };
/* End PBXFileReference section */

/* Begin PBXFrameworksBuildPhase section */
		D148996327084D9E0065CEE9 /* Frameworks */ = {
			isa = PBXFrameworksBuildPhase;
			buildActionMask = 2147483647;
			files = (
			);
			runOnlyForDeploymentPostprocessing = 0;
		};
/* End PBXFrameworksBuildPhase section */

/* Begin PBXGroup section */
		D148995D27084D9E0065CEE9 = {
			isa = PBXGroup;
			children = (
				D148996827084D9E0065CEE9 /* MVVM_example */,
				D148996727084D9E0065CEE9 /* Products */,
			);
			sourceTree = "<group>";
		};
		D148996727084D9E0065CEE9 /* Products */ = {
			isa = PBXGroup;
			children = (
				D148996627084D9E0065CEE9 /* MVVM_example.app */,
			);
			name = Products;
			sourceTree = "<group>";
		};
		D148996827084D9E0065CEE9 /* MVVM_example */ = {
			isa = PBXGroup;
			children = (
				D148996927084D9E0065CEE9 /* AppDelegate.swift */,
				D148996B27084D9E0065CEE9 /* SceneDelegate.swift */,
				D148996D27084D9E0065CEE9 /* ViewController.swift */,
				D148996F27084D9E0065CEE9 /* Main.storyboard */,
				D148997227084DA00065CEE9 /* Assets.xcassets */,
				D148997427084DA00065CEE9 /* LaunchScreen.storyboard */,
				D148997727084DA00065CEE9 /* Info.plist */,
				D148997D27084DC20065CEE9 /* User.swift */,
				D1489981270858B60065CEE9 /* BoundTextField.swift */,
				D148997F27084DE10065CEE9 /* Observable.swift */,
			);
			path = MVVM_example;
			sourceTree = "<group>";
		};
/* End PBXGroup section */

/* Begin PBXNativeTarget section */
		D148996527084D9E0065CEE9 /* MVVM_example */ = {
			isa = PBXNativeTarget;
			buildConfigurationList = D148997A27084DA00065CEE9 /* Build configuration list for PBXNativeTarget "MVVM_example" */;
			buildPhases = (
				D148996227084D9E0065CEE9 /* Sources */,
				D148996327084D9E0065CEE9 /* Frameworks */,
				D148996427084D9E0065CEE9 /* Resources */,
			);
			buildRules = (
			);
			dependencies = (
			);
			name = MVVM_example;
			productName = MVVM_example;
			productReference = D148996627084D9E0065CEE9 /* MVVM_example.app */;
			productType = "com.apple.product-type.application";
		};
/* End PBXNativeTarget section */

/* Begin PBXProject section */
		D148995E27084D9E0065CEE9 /* Project object */ = {
			isa = PBXProject;
			attributes = {
				LastSwiftUpdateCheck = 1250;
				LastUpgradeCheck = 1250;
				TargetAttributes = {
					D148996527084D9E0065CEE9 = {
						CreatedOnToolsVersion = 12.5;
					};
				};
			};
			buildConfigurationList = D148996127084D9E0065CEE9 /* Build configuration list for PBXProject "MVVM_example" */;
			compatibilityVersion = "Xcode 9.3";
			developmentRegion = en;
			hasScannedForEncodings = 0;
			knownRegions = (
				en,
				Base,
			);
			mainGroup = D148995D27084D9E0065CEE9;
			productRefGroup = D148996727084D9E0065CEE9 /* Products */;
			projectDirPath = "";
			projectRoot = "";
			targets = (
				D148996527084D9E0065CEE9 /* MVVM_example */,
			);
		};
/* End PBXProject section */

/* Begin PBXResourcesBuildPhase section */
		D148996427084D9E0065CEE9 /* Resources */ = {
			isa = PBXResourcesBuildPhase;
			buildActionMask = 2147483647;
			files = (
				D148997627084DA00065CEE9 /* LaunchScreen.storyboard in Resources */,
				D148997327084DA00065CEE9 /* Assets.xcassets in Resources */,
				D148997127084D9E0065CEE9 /* Main.storyboard in Resources */,
			);
			runOnlyForDeploymentPostprocessing = 0;
		};
/* End PBXResourcesBuildPhase section */

/* Begin PBXSourcesBuildPhase section */
		D148996227084D9E0065CEE9 /* Sources */ = {
			isa = PBXSourcesBuildPhase;
			buildActionMask = 2147483647;
			files = (
				D148997E27084DC20065CEE9 /* User.swift in Sources */,
				D148998027084DE10065CEE9 /* Observable.swift in Sources */,
				D148996E27084D9E0065CEE9 /* ViewController.swift in Sources */,
				D148996A27084D9E0065CEE9 /* AppDelegate.swift in Sources */,
				D1489982270858B60065CEE9 /* BoundTextField.swift in Sources */,
				D148996C27084D9E0065CEE9 /* SceneDelegate.swift in Sources */,
			);
			runOnlyForDeploymentPostprocessing = 0;
		};
/* End PBXSourcesBuildPhase section */

/* Begin PBXVariantGroup section */
		D148996F27084D9E0065CEE9 /* Main.storyboard */ = {
			isa = PBXVariantGroup;
			children = (
				D148997027084D9E0065CEE9 /* Base */,
			);
			name = Main.storyboard;
			sourceTree = "<group>";
		};
		D148997427084DA00065CEE9 /* LaunchScreen.storyboard */ = {
			isa = PBXVariantGroup;
			children = (
				D148997527084DA00065CEE9 /* Base */,
			);
			name = LaunchScreen.storyboard;
			sourceTree = "<group>";
		};
/* End PBXVariantGroup section */

/* Begin XCBuildConfiguration section */
		D148997827084DA00065CEE9 /* Debug */ = {
			isa = XCBuildConfiguration;
			buildSettings = {
				ALWAYS_SEARCH_USER_PATHS = NO;
				CLANG_ANALYZER_NONNULL = YES;
				CLANG_ANALYZER_NUMBER_OBJECT_CONVERSION = YES_AGGRESSIVE;
				CLANG_CXX_LANGUAGE_STANDARD = "gnu++14";
				CLANG_CXX_LIBRARY = "libc++";
				CLANG_ENABLE_MODULES = YES;
				CLANG_ENABLE_OBJC_ARC = YES;
				CLANG_ENABLE_OBJC_WEAK = YES;
				CLANG_WARN_BLOCK_CAPTURE_AUTORELEASING = YES;
				CLANG_WARN_BOOL_CONVERSION = YES;
				CLANG_WARN_COMMA = YES;
				CLANG_WARN_CONSTANT_CONVERSION = YES;
				CLANG_WARN_DEPRECATED_OBJC_IMPLEMENTATIONS = YES;
				CLANG_WARN_DIRECT_OBJC_ISA_USAGE = YES_ERROR;
				CLANG_WARN_DOCUMENTATION_COMMENTS = YES;
				CLANG_WARN_EMPTY_BODY = YES;
				CLANG_WARN_ENUM_CONVERSION = YES;
				CLANG_WARN_INFINITE_RECURSION = YES;
				CLANG_WARN_INT_CONVERSION = YES;
				CLANG_WARN_NON_LITERAL_NULL_CONVERSION = YES;
				CLANG_WARN_OBJC_IMPLICIT_RETAIN_SELF = YES;
				CLANG_WARN_OBJC_LITERAL_CONVERSION = YES;
				CLANG_WARN_OBJC_ROOT_CLASS = YES_ERROR;
				CLANG_WARN_QUOTED_INCLUDE_IN_FRAMEWORK_HEADER = YES;
				CLANG_WARN_RANGE_LOOP_ANALYSIS = YES;
				CLANG_WARN_STRICT_PROTOTYPES = YES;
				CLANG_WARN_SUSPICIOUS_MOVE = YES;
				CLANG_WARN_UNGUARDED_AVAILABILITY = YES_AGGRESSIVE;
				CLANG_WARN_UNREACHABLE_CODE = YES;
				CLANG_WARN__DUPLICATE_METHOD_MATCH = YES;
				COPY_PHASE_STRIP = NO;
				DEBUG_INFORMATION_FORMAT = dwarf;
				ENABLE_STRICT_OBJC_MSGSEND = YES;
				ENABLE_TESTABILITY = YES;
				GCC_C_LANGUAGE_STANDARD = gnu11;
				GCC_DYNAMIC_NO_PIC = NO;
				GCC_NO_COMMON_BLOCKS = YES;
				GCC_OPTIMIZATION_LEVEL = 0;
				GCC_PREPROCESSOR_DEFINITIONS = (
					"DEBUG=1",
					"$(inherited)",
				);
				GCC_WARN_64_TO_32_BIT_CONVERSION = YES;
				GCC_WARN_ABOUT_RETURN_TYPE = YES_ERROR;
				GCC_WARN_UNDECLARED_SELECTOR = YES;
				GCC_WARN_UNINITIALIZED_AUTOS = YES_AGGRESSIVE;
				GCC_WARN_UNUSED_FUNCTION = YES;
				GCC_WARN_UNUSED_VARIABLE = YES;
				IPHONEOS_DEPLOYMENT_TARGET = 14.5;
				MTL_ENABLE_DEBUG_INFO = INCLUDE_SOURCE;
				MTL_FAST_MATH = YES;
				ONLY_ACTIVE_ARCH = YES;
				SDKROOT = iphoneos;
				SWIFT_ACTIVE_COMPILATION_CONDITIONS = DEBUG;
				SWIFT_OPTIMIZATION_LEVEL = "-Onone";
			};
			name = Debug;
		};
		D148997927084DA00065CEE9 /* Release */ = {
			isa = XCBuildConfiguration;
			buildSettings = {
				ALWAYS_SEARCH_USER_PATHS = NO;
				CLANG_ANALYZER_NONNULL = YES;
				CLANG_ANALYZER_NUMBER_OBJECT_CONVERSION = YES_AGGRESSIVE;
				CLANG_CXX_LANGUAGE_STANDARD = "gnu++14";
				CLANG_CXX_LIBRARY = "libc++";
				CLANG_ENABLE_MODULES = YES;
				CLANG_ENABLE_OBJC_ARC = YES;
				CLANG_ENABLE_OBJC_WEAK = YES;
				CLANG_WARN_BLOCK_CAPTURE_AUTORELEASING = YES;
				CLANG_WARN_BOOL_CONVERSION = YES;
				CLANG_WARN_COMMA = YES;
				CLANG_WARN_CONSTANT_CONVERSION = YES;
				CLANG_WARN_DEPRECATED_OBJC_IMPLEMENTATIONS = YES;
				CLANG_WARN_DIRECT_OBJC_ISA_USAGE = YES_ERROR;
				CLANG_WARN_DOCUMENTATION_COMMENTS = YES;
				CLANG_WARN_EMPTY_BODY = YES;
				CLANG_WARN_ENUM_CONVERSION = YES;
				CLANG_WARN_INFINITE_RECURSION = YES;
				CLANG_WARN_INT_CONVERSION = YES;
				CLANG_WARN_NON_LITERAL_NULL_CONVERSION = YES;
				CLANG_WARN_OBJC_IMPLICIT_RETAIN_SELF = YES;
				CLANG_WARN_OBJC_LITERAL_CONVERSION = YES;
				CLANG_WARN_OBJC_ROOT_CLASS = YES_ERROR;
				CLANG_WARN_QUOTED_INCLUDE_IN_FRAMEWORK_HEADER = YES;
				CLANG_WARN_RANGE_LOOP_ANALYSIS = YES;
				CLANG_WARN_STRICT_PROTOTYPES = YES;
				CLANG_WARN_SUSPICIOUS_MOVE = YES;
				CLANG_WARN_UNGUARDED_AVAILABILITY = YES_AGGRESSIVE;
				CLANG_WARN_UNREACHABLE_CODE = YES;
				CLANG_WARN__DUPLICATE_METHOD_MATCH = YES;
				COPY_PHASE_STRIP = NO;
				DEBUG_INFORMATION_FORMAT = "dwarf-with-dsym";
				ENABLE_NS_ASSERTIONS = NO;
				ENABLE_STRICT_OBJC_MSGSEND = YES;
				GCC_C_LANGUAGE_STANDARD = gnu11;
				GCC_NO_COMMON_BLOCKS = YES;
				GCC_WARN_64_TO_32_BIT_CONVERSION = YES;
				GCC_WARN_ABOUT_RETURN_TYPE = YES_ERROR;
				GCC_WARN_UNDECLARED_SELECTOR = YES;
				GCC_WARN_UNINITIALIZED_AUTOS = YES_AGGRESSIVE;
				GCC_WARN_UNUSED_FUNCTION = YES;
				GCC_WARN_UNUSED_VARIABLE = YES;
				IPHONEOS_DEPLOYMENT_TARGET = 14.5;
				MTL_ENABLE_DEBUG_INFO = NO;
				MTL_FAST_MATH = YES;
				SDKROOT = iphoneos;
				SWIFT_COMPILATION_MODE = wholemodule;
				SWIFT_OPTIMIZATION_LEVEL = "-O";
				VALIDATE_PRODUCT = YES;
			};
			name = Release;
		};
		D148997B27084DA00065CEE9 /* Debug */ = {
			isa = XCBuildConfiguration;
			buildSettings = {
				ASSETCATALOG_COMPILER_APPICON_NAME = AppIcon;
				ASSETCATALOG_COMPILER_GLOBAL_ACCENT_COLOR_NAME = AccentColor;
				CODE_SIGN_STYLE = Automatic;
				DEVELOPMENT_TEAM = 6U5233X9SB;
				INFOPLIST_FILE = MVVM_example/Info.plist;
				LD_RUNPATH_SEARCH_PATHS = (
					"$(inherited)",
					"@executable_path/Frameworks",
				);
				PRODUCT_BUNDLE_IDENTIFIER = "edu.dongguk.cs.MVVM-example";
				PRODUCT_NAME = "$(TARGET_NAME)";
				SWIFT_VERSION = 5.0;
				TARGETED_DEVICE_FAMILY = "1,2";
			};
			name = Debug;
		};
		D148997C27084DA00065CEE9 /* Release */ = {
			isa = XCBuildConfiguration;
			buildSettings = {
				ASSETCATALOG_COMPILER_APPICON_NAME = AppIcon;
				ASSETCATALOG_COMPILER_GLOBAL_ACCENT_COLOR_NAME = AccentColor;
				CODE_SIGN_STYLE = Automatic;
				DEVELOPMENT_TEAM = 6U5233X9SB;
				INFOPLIST_FILE = MVVM_example/Info.plist;
				LD_RUNPATH_SEARCH_PATHS = (
					"$(inherited)",
					"@executable_path/Frameworks",
				);
				PRODUCT_BUNDLE_IDENTIFIER = "edu.dongguk.cs.MVVM-example";
				PRODUCT_NAME = "$(TARGET_NAME)";
				SWIFT_VERSION = 5.0;
				TARGETED_DEVICE_FAMILY = "1,2";
			};
			name = Release;
		};
/* End XCBuildConfiguration section */

/* Begin XCConfigurationList section */
		D148996127084D9E0065CEE9 /* Build configuration list for PBXProject "MVVM_example" */ = {
			isa = XCConfigurationList;
			buildConfigurations = (
				D148997827084DA00065CEE9 /* Debug */,
				D148997927084DA00065CEE9 /* Release */,
			);
			defaultConfigurationIsVisible = 0;
			defaultConfigurationName = Release;
		};
		D148997A27084DA00065CEE9 /* Build configuration list for PBXNativeTarget "MVVM_example" */ = {
			isa = XCConfigurationList;
			buildConfigurations = (
				D148997B27084DA00065CEE9 /* Debug */,
				D148997C27084DA00065CEE9 /* Release */,
			);
			defaultConfigurationIsVisible = 0;
			defaultConfigurationName = Release;
		};
/* End XCConfigurationList section */
	};
	rootObject = D148995E27084D9E0065CEE9 /* Project object */;
}
