// !$*UTF8*$!
{
	archiveVersion = 1;
	classes = {
	};
	objectVersion = 50;
	objects = {

/* Begin PBXBuildFile section */
		D150603A270E7E8200985F2E /* AppDelegate.swift in Sources */ = {isa = PBXBuildFile; fileRef = D1506039270E7E8200985F2E /* AppDelegate.swift */; };
		D150603C270E7E8200985F2E /* SceneDelegate.swift in Sources */ = {isa = PBXBuildFile; fileRef = D150603B270E7E8200985F2E /* SceneDelegate.swift */; };
		D150603E270E7E8200985F2E /* ViewController.swift in Sources */ = {isa = PBXBuildFile; fileRef = D150603D270E7E8200985F2E /* ViewController.swift */; };
		D1506041270E7E8200985F2E /* Main.storyboard in Resources */ = {isa = PBXBuildFile; fileRef = D150603F270E7E8200985F2E /* Main.storyboard */; };
		D1506043270E7E8300985F2E /* Assets.xcassets in Resources */ = {isa = PBXBuildFile; fileRef = D1506042270E7E8300985F2E /* Assets.xcassets */; };
		D1506046270E7E8300985F2E /* LaunchScreen.storyboard in Resources */ = {isa = PBXBuildFile; fileRef = D1506044270E7E8300985F2E /* LaunchScreen.storyboard */; };
		D150604E270E955F00985F2E /* AnchorViewController.swift in Sources */ = {isa = PBXBuildFile; fileRef = D150604D270E955F00985F2E /* AnchorViewController.swift */; };
		D1506050270E9D3900985F2E /* ConstraintViewController.swift in Sources */ = {isa = PBXBuildFile; fileRef = D150604F270E9D3900985F2E /* ConstraintViewController.swift */; };
		D1506052270E9FA000985F2E /* StackViewController.swift in Sources */ = {isa = PBXBuildFile; fileRef = D1506051270E9FA000985F2E /* StackViewController.swift */; };
/* End PBXBuildFile section */

/* Begin PBXFileReference section */
		D1506036270E7E8200985F2E /* AutoLayout_Example.app */ = {isa = PBXFileReference; explicitFileType = wrapper.application; includeInIndex = 0; path = AutoLayout_Example.app; sourceTree = BUILT_PRODUCTS_DIR; };
		D1506039270E7E8200985F2E /* AppDelegate.swift */ = {isa = PBXFileReference; lastKnownFileType = sourcecode.swift; path = AppDelegate.swift; sourceTree = "<group>"; };
		D150603B270E7E8200985F2E /* SceneDelegate.swift */ = {isa = PBXFileReference; lastKnownFileType = sourcecode.swift; path = SceneDelegate.swift; sourceTree = "<group>"; };
		D150603D270E7E8200985F2E /* ViewController.swift */ = {isa = PBXFileReference; lastKnownFileType = sourcecode.swift; path = ViewController.swift; sourceTree = "<group>"; };
		D1506040270E7E8200985F2E /* Base */ = {isa = PBXFileReference; lastKnownFileType = file.storyboard; name = Base; path = Base.lproj/Main.storyboard; sourceTree = "<group>"; };
		D1506042270E7E8300985F2E /* Assets.xcassets */ = {isa = PBXFileReference; lastKnownFileType = folder.assetcatalog; path = Assets.xcassets; sourceTree = "<group>"; };
		D1506045270E7E8300985F2E /* Base */ = {isa = PBXFileReference; lastKnownFileType = file.storyboard; name = Base; path = Base.lproj/LaunchScreen.storyboard; sourceTree = "<group>"; };
		D1506047270E7E8300985F2E /* Info.plist */ = {isa = PBXFileReference; lastKnownFileType = text.plist.xml; path = Info.plist; sourceTree = "<group>"; };
		D150604D270E955F00985F2E /* AnchorViewController.swift */ = {isa = PBXFileReference; lastKnownFileType = sourcecode.swift; path = AnchorViewController.swift; sourceTree = "<group>"; };
		D150604F270E9D3900985F2E /* ConstraintViewController.swift */ = {isa = PBXFileReference; lastKnownFileType = sourcecode.swift; path = ConstraintViewController.swift; sourceTree = "<group>"; };
		D1506051270E9FA000985F2E /* StackViewController.swift */ = {isa = PBXFileReference; lastKnownFileType = sourcecode.swift; path = StackViewController.swift; sourceTree = "<group>"; };
/* End PBXFileReference section */

/* Begin PBXFrameworksBuildPhase section */
		D1506033270E7E8200985F2E /* Frameworks */ = {
			isa = PBXFrameworksBuildPhase;
			buildActionMask = 2147483647;
			files = (
			);
			runOnlyForDeploymentPostprocessing = 0;
		};
/* End PBXFrameworksBuildPhase section */

/* Begin PBXGroup section */
		D150602D270E7E8200985F2E = {
			isa = PBXGroup;
			children = (
				D1506038270E7E8200985F2E /* AutoLayout_Example */,
				D1506037270E7E8200985F2E /* Products */,
			);
			sourceTree = "<group>";
		};
		D1506037270E7E8200985F2E /* Products */ = {
			isa = PBXGroup;
			children = (
				D1506036270E7E8200985F2E /* AutoLayout_Example.app */,
			);
			name = Products;
			sourceTree = "<group>";
		};
		D1506038270E7E8200985F2E /* AutoLayout_Example */ = {
			isa = PBXGroup;
			children = (
				D1506039270E7E8200985F2E /* AppDelegate.swift */,
				D150603B270E7E8200985F2E /* SceneDelegate.swift */,
				D150603D270E7E8200985F2E /* ViewController.swift */,
				D150603F270E7E8200985F2E /* Main.storyboard */,
				D150604D270E955F00985F2E /* AnchorViewController.swift */,
				D150604F270E9D3900985F2E /* ConstraintViewController.swift */,
				D1506051270E9FA000985F2E /* StackViewController.swift */,
				D1506042270E7E8300985F2E /* Assets.xcassets */,
				D1506044270E7E8300985F2E /* LaunchScreen.storyboard */,
				D1506047270E7E8300985F2E /* Info.plist */,
			);
			path = AutoLayout_Example;
			sourceTree = "<group>";
		};
/* End PBXGroup section */

/* Begin PBXNativeTarget section */
		D1506035270E7E8200985F2E /* AutoLayout_Example */ = {
			isa = PBXNativeTarget;
			buildConfigurationList = D150604A270E7E8300985F2E /* Build configuration list for PBXNativeTarget "AutoLayout_Example" */;
			buildPhases = (
				D1506032270E7E8200985F2E /* Sources */,
				D1506033270E7E8200985F2E /* Frameworks */,
				D1506034270E7E8200985F2E /* Resources */,
			);
			buildRules = (
			);
			dependencies = (
			);
			name = AutoLayout_Example;
			productName = AutoLayout_Example;
			productReference = D1506036270E7E8200985F2E /* AutoLayout_Example.app */;
			productType = "com.apple.product-type.application";
		};
/* End PBXNativeTarget section */

/* Begin PBXProject section */
		D150602E270E7E8200985F2E /* Project object */ = {
			isa = PBXProject;
			attributes = {
				LastSwiftUpdateCheck = 1250;
				LastUpgradeCheck = 1250;
				TargetAttributes = {
					D1506035270E7E8200985F2E = {
						CreatedOnToolsVersion = 12.5;
					};
				};
			};
			buildConfigurationList = D1506031270E7E8200985F2E /* Build configuration list for PBXProject "AutoLayout_Example" */;
			compatibilityVersion = "Xcode 9.3";
			developmentRegion = en;
			hasScannedForEncodings = 0;
			knownRegions = (
				en,
				Base,
			);
			mainGroup = D150602D270E7E8200985F2E;
			productRefGroup = D1506037270E7E8200985F2E /* Products */;
			projectDirPath = "";
			projectRoot = "";
			targets = (
				D1506035270E7E8200985F2E /* AutoLayout_Example */,
			);
		};
/* End PBXProject section */

/* Begin PBXResourcesBuildPhase section */
		D1506034270E7E8200985F2E /* Resources */ = {
			isa = PBXResourcesBuildPhase;
			buildActionMask = 2147483647;
			files = (
				D1506046270E7E8300985F2E /* LaunchScreen.storyboard in Resources */,
				D1506043270E7E8300985F2E /* Assets.xcassets in Resources */,
				D1506041270E7E8200985F2E /* Main.storyboard in Resources */,
			);
			runOnlyForDeploymentPostprocessing = 0;
		};
/* End PBXResourcesBuildPhase section */

/* Begin PBXSourcesBuildPhase section */
		D1506032270E7E8200985F2E /* Sources */ = {
			isa = PBXSourcesBuildPhase;
			buildActionMask = 2147483647;
			files = (
				D150603E270E7E8200985F2E /* ViewController.swift in Sources */,
				D150603A270E7E8200985F2E /* AppDelegate.swift in Sources */,
				D150603C270E7E8200985F2E /* SceneDelegate.swift in Sources */,
				D1506052270E9FA000985F2E /* StackViewController.swift in Sources */,
				D1506050270E9D3900985F2E /* ConstraintViewController.swift in Sources */,
				D150604E270E955F00985F2E /* AnchorViewController.swift in Sources */,
			);
			runOnlyForDeploymentPostprocessing = 0;
		};
/* End PBXSourcesBuildPhase section */

/* Begin PBXVariantGroup section */
		D150603F270E7E8200985F2E /* Main.storyboard */ = {
			isa = PBXVariantGroup;
			children = (
				D1506040270E7E8200985F2E /* Base */,
			);
			name = Main.storyboard;
			sourceTree = "<group>";
		};
		D1506044270E7E8300985F2E /* LaunchScreen.storyboard */ = {
			isa = PBXVariantGroup;
			children = (
				D1506045270E7E8300985F2E /* Base */,
			);
			name = LaunchScreen.storyboard;
			sourceTree = "<group>";
		};
/* End PBXVariantGroup section */

/* Begin XCBuildConfiguration section */
		D1506048270E7E8300985F2E /* Debug */ = {
			isa = XCBuildConfiguration;
			buildSettings = {
				ALWAYS_SEARCH_USER_PATHS = NO;
				CLANG_ANALYZER_NONNULL = YES;
				CLANG_ANALYZER_NUMBER_OBJECT_CONVERSION = YES_AGGRESSIVE;
				CLANG_CXX_LANGUAGE_STANDARD = "gnu++14";
				CLANG_CXX_LIBRARY = "libc++";
				CLANG_ENABLE_MODULES = YES;
				CLANG_ENABLE_OBJC_ARC = YES;
				CLANG_ENABLE_OBJC_WEAK = YES;
				CLANG_WARN_BLOCK_CAPTURE_AUTORELEASING = YES;
				CLANG_WARN_BOOL_CONVERSION = YES;
				CLANG_WARN_COMMA = YES;
				CLANG_WARN_CONSTANT_CONVERSION = YES;
				CLANG_WARN_DEPRECATED_OBJC_IMPLEMENTATIONS = YES;
				CLANG_WARN_DIRECT_OBJC_ISA_USAGE = YES_ERROR;
				CLANG_WARN_DOCUMENTATION_COMMENTS = YES;
				CLANG_WARN_EMPTY_BODY = YES;
				CLANG_WARN_ENUM_CONVERSION = YES;
				CLANG_WARN_INFINITE_RECURSION = YES;
				CLANG_WARN_INT_CONVERSION = YES;
				CLANG_WARN_NON_LITERAL_NULL_CONVERSION = YES;
				CLANG_WARN_OBJC_IMPLICIT_RETAIN_SELF = YES;
				CLANG_WARN_OBJC_LITERAL_CONVERSION = YES;
				CLANG_WARN_OBJC_ROOT_CLASS = YES_ERROR;
				CLANG_WARN_QUOTED_INCLUDE_IN_FRAMEWORK_HEADER = YES;
				CLANG_WARN_RANGE_LOOP_ANALYSIS = YES;
				CLANG_WARN_STRICT_PROTOTYPES = YES;
				CLANG_WARN_SUSPICIOUS_MOVE = YES;
				CLANG_WARN_UNGUARDED_AVAILABILITY = YES_AGGRESSIVE;
				CLANG_WARN_UNREACHABLE_CODE = YES;
				CLANG_WARN__DUPLICATE_METHOD_MATCH = YES;
				COPY_PHASE_STRIP = NO;
				DEBUG_INFORMATION_FORMAT = dwarf;
				ENABLE_STRICT_OBJC_MSGSEND = YES;
				ENABLE_TESTABILITY = YES;
				GCC_C_LANGUAGE_STANDARD = gnu11;
				GCC_DYNAMIC_NO_PIC = NO;
				GCC_NO_COMMON_BLOCKS = YES;
				GCC_OPTIMIZATION_LEVEL = 0;
				GCC_PREPROCESSOR_DEFINITIONS = (
					"DEBUG=1",
					"$(inherited)",
				);
				GCC_WARN_64_TO_32_BIT_CONVERSION = YES;
				GCC_WARN_ABOUT_RETURN_TYPE = YES_ERROR;
				GCC_WARN_UNDECLARED_SELECTOR = YES;
				GCC_WARN_UNINITIALIZED_AUTOS = YES_AGGRESSIVE;
				GCC_WARN_UNUSED_FUNCTION = YES;
				GCC_WARN_UNUSED_VARIABLE = YES;
				IPHONEOS_DEPLOYMENT_TARGET = 14.5;
				MTL_ENABLE_DEBUG_INFO = INCLUDE_SOURCE;
				MTL_FAST_MATH = YES;
				ONLY_ACTIVE_ARCH = YES;
				SDKROOT = iphoneos;
				SWIFT_ACTIVE_COMPILATION_CONDITIONS = DEBUG;
				SWIFT_OPTIMIZATION_LEVEL = "-Onone";
			};
			name = Debug;
		};
		D1506049270E7E8300985F2E /* Release */ = {
			isa = XCBuildConfiguration;
			buildSettings = {
				ALWAYS_SEARCH_USER_PATHS = NO;
				CLANG_ANALYZER_NONNULL = YES;
				CLANG_ANALYZER_NUMBER_OBJECT_CONVERSION = YES_AGGRESSIVE;
				CLANG_CXX_LANGUAGE_STANDARD = "gnu++14";
				CLANG_CXX_LIBRARY = "libc++";
				CLANG_ENABLE_MODULES = YES;
				CLANG_ENABLE_OBJC_ARC = YES;
				CLANG_ENABLE_OBJC_WEAK = YES;
				CLANG_WARN_BLOCK_CAPTURE_AUTORELEASING = YES;
				CLANG_WARN_BOOL_CONVERSION = YES;
				CLANG_WARN_COMMA = YES;
				CLANG_WARN_CONSTANT_CONVERSION = YES;
				CLANG_WARN_DEPRECATED_OBJC_IMPLEMENTATIONS = YES;
				CLANG_WARN_DIRECT_OBJC_ISA_USAGE = YES_ERROR;
				CLANG_WARN_DOCUMENTATION_COMMENTS = YES;
				CLANG_WARN_EMPTY_BODY = YES;
				CLANG_WARN_ENUM_CONVERSION = YES;
				CLANG_WARN_INFINITE_RECURSION = YES;
				CLANG_WARN_INT_CONVERSION = YES;
				CLANG_WARN_NON_LITERAL_NULL_CONVERSION = YES;
				CLANG_WARN_OBJC_IMPLICIT_RETAIN_SELF = YES;
				CLANG_WARN_OBJC_LITERAL_CONVERSION = YES;
				CLANG_WARN_OBJC_ROOT_CLASS = YES_ERROR;
				CLANG_WARN_QUOTED_INCLUDE_IN_FRAMEWORK_HEADER = YES;
				CLANG_WARN_RANGE_LOOP_ANALYSIS = YES;
				CLANG_WARN_STRICT_PROTOTYPES = YES;
				CLANG_WARN_SUSPICIOUS_MOVE = YES;
				CLANG_WARN_UNGUARDED_AVAILABILITY = YES_AGGRESSIVE;
				CLANG_WARN_UNREACHABLE_CODE = YES;
				CLANG_WARN__DUPLICATE_METHOD_MATCH = YES;
				COPY_PHASE_STRIP = NO;
				DEBUG_INFORMATION_FORMAT = "dwarf-with-dsym";
				ENABLE_NS_ASSERTIONS = NO;
				ENABLE_STRICT_OBJC_MSGSEND = YES;
				GCC_C_LANGUAGE_STANDARD = gnu11;
				GCC_NO_COMMON_BLOCKS = YES;
				GCC_WARN_64_TO_32_BIT_CONVERSION = YES;
				GCC_WARN_ABOUT_RETURN_TYPE = YES_ERROR;
				GCC_WARN_UNDECLARED_SELECTOR = YES;
				GCC_WARN_UNINITIALIZED_AUTOS = YES_AGGRESSIVE;
				GCC_WARN_UNUSED_FUNCTION = YES;
				GCC_WARN_UNUSED_VARIABLE = YES;
				IPHONEOS_DEPLOYMENT_TARGET = 14.5;
				MTL_ENABLE_DEBUG_INFO = NO;
				MTL_FAST_MATH = YES;
				SDKROOT = iphoneos;
				SWIFT_COMPILATION_MODE = wholemodule;
				SWIFT_OPTIMIZATION_LEVEL = "-O";
				VALIDATE_PRODUCT = YES;
			};
			name = Release;
		};
		D150604B270E7E8300985F2E /* Debug */ = {
			isa = XCBuildConfiguration;
			buildSettings = {
				ASSETCATALOG_COMPILER_APPICON_NAME = AppIcon;
				ASSETCATALOG_COMPILER_GLOBAL_ACCENT_COLOR_NAME = AccentColor;
				CODE_SIGN_STYLE = Automatic;
				DEVELOPMENT_TEAM = 6U5233X9SB;
				INFOPLIST_FILE = AutoLayout_Example/Info.plist;
				LD_RUNPATH_SEARCH_PATHS = (
					"$(inherited)",
					"@executable_path/Frameworks",
				);
				PRODUCT_BUNDLE_IDENTIFIER = "edu.dongguk.cs.AutoLayout-Example";
				PRODUCT_NAME = "$(TARGET_NAME)";
				SWIFT_VERSION = 5.0;
				TARGETED_DEVICE_FAMILY = "1,2";
			};
			name = Debug;
		};
		D150604C270E7E8300985F2E /* Release */ = {
			isa = XCBuildConfiguration;
			buildSettings = {
				ASSETCATALOG_COMPILER_APPICON_NAME = AppIcon;
				ASSETCATALOG_COMPILER_GLOBAL_ACCENT_COLOR_NAME = AccentColor;
				CODE_SIGN_STYLE = Automatic;
				DEVELOPMENT_TEAM = 6U5233X9SB;
				INFOPLIST_FILE = AutoLayout_Example/Info.plist;
				LD_RUNPATH_SEARCH_PATHS = (
					"$(inherited)",
					"@executable_path/Frameworks",
				);
				PRODUCT_BUNDLE_IDENTIFIER = "edu.dongguk.cs.AutoLayout-Example";
				PRODUCT_NAME = "$(TARGET_NAME)";
				SWIFT_VERSION = 5.0;
				TARGETED_DEVICE_FAMILY = "1,2";
			};
			name = Release;
		};
/* End XCBuildConfiguration section */

/* Begin XCConfigurationList section */
		D1506031270E7E8200985F2E /* Build configuration list for PBXProject "AutoLayout_Example" */ = {
			isa = XCConfigurationList;
			buildConfigurations = (
				D1506048270E7E8300985F2E /* Debug */,
				D1506049270E7E8300985F2E /* Release */,
			);
			defaultConfigurationIsVisible = 0;
			defaultConfigurationName = Release;
		};
		D150604A270E7E8300985F2E /* Build configuration list for PBXNativeTarget "AutoLayout_Example" */ = {
			isa = XCConfigurationList;
			buildConfigurations = (
				D150604B270E7E8300985F2E /* Debug */,
				D150604C270E7E8300985F2E /* Release */,
			);
			defaultConfigurationIsVisible = 0;
			defaultConfigurationName = Release;
		};
/* End XCConfigurationList section */
	};
	rootObject = D150602E270E7E8200985F2E /* Project object */;
}
