// !$*UTF8*$!
{
	archiveVersion = 1;
	classes = {
	};
	objectVersion = 50;
	objects = {

/* Begin PBXBuildFile section */
		D1F8D06E26CAB9D100AF95CB /* AppDelegate.swift in Sources */ = {isa = PBXBuildFile; fileRef = D1F8D06D26CAB9D100AF95CB /* AppDelegate.swift */; };
		D1F8D07026CAB9D100AF95CB /* SceneDelegate.swift in Sources */ = {isa = PBXBuildFile; fileRef = D1F8D06F26CAB9D100AF95CB /* SceneDelegate.swift */; };
		D1F8D07226CAB9D100AF95CB /* ViewController.swift in Sources */ = {isa = PBXBuildFile; fileRef = D1F8D07126CAB9D100AF95CB /* ViewController.swift */; };
		D1F8D07526CAB9D100AF95CB /* Main.storyboard in Resources */ = {isa = PBXBuildFile; fileRef = D1F8D07326CAB9D100AF95CB /* Main.storyboard */; };
		D1F8D07726CAB9D200AF95CB /* Assets.xcassets in Resources */ = {isa = PBXBuildFile; fileRef = D1F8D07626CAB9D200AF95CB /* Assets.xcassets */; };
		D1F8D07A26CAB9D200AF95CB /* LaunchScreen.storyboard in Resources */ = {isa = PBXBuildFile; fileRef = D1F8D07826CAB9D200AF95CB /* LaunchScreen.storyboard */; };
		D1F8D08226CABDEE00AF95CB /* ImgurCell.swift in Sources */ = {isa = PBXBuildFile; fileRef = D1F8D08126CABDEE00AF95CB /* ImgurCell.swift */; };
		D1F8D08426CABF7D00AF95CB /* NetworkingService.swift in Sources */ = {isa = PBXBuildFile; fileRef = D1F8D08326CABF7D00AF95CB /* NetworkingService.swift */; };
		D1F8D08626CAC26900AF95CB /* GetImgurResponse.swift in Sources */ = {isa = PBXBuildFile; fileRef = D1F8D08526CAC26900AF95CB /* GetImgurResponse.swift */; };
		D1F8D08826CAC57C00AF95CB /* Imgur.swift in Sources */ = {isa = PBXBuildFile; fileRef = D1F8D08726CAC57C00AF95CB /* Imgur.swift */; };
		D1F8D08A26CAC6A700AF95CB /* MyError.swift in Sources */ = {isa = PBXBuildFile; fileRef = D1F8D08926CAC6A700AF95CB /* MyError.swift */; };
		D1F8D08C26CACEBB00AF95CB /* ImageCache.swift in Sources */ = {isa = PBXBuildFile; fileRef = D1F8D08B26CACEBB00AF95CB /* ImageCache.swift */; };
/* End PBXBuildFile section */

/* Begin PBXFileReference section */
		D1F8D06A26CAB9D100AF95CB /* Imgur2.app */ = {isa = PBXFileReference; explicitFileType = wrapper.application; includeInIndex = 0; path = Imgur2.app; sourceTree = BUILT_PRODUCTS_DIR; };
		D1F8D06D26CAB9D100AF95CB /* AppDelegate.swift */ = {isa = PBXFileReference; lastKnownFileType = sourcecode.swift; path = AppDelegate.swift; sourceTree = "<group>"; };
		D1F8D06F26CAB9D100AF95CB /* SceneDelegate.swift */ = {isa = PBXFileReference; lastKnownFileType = sourcecode.swift; path = SceneDelegate.swift; sourceTree = "<group>"; };
		D1F8D07126CAB9D100AF95CB /* ViewController.swift */ = {isa = PBXFileReference; lastKnownFileType = sourcecode.swift; path = ViewController.swift; sourceTree = "<group>"; };
		D1F8D07426CAB9D100AF95CB /* Base */ = {isa = PBXFileReference; lastKnownFileType = file.storyboard; name = Base; path = Base.lproj/Main.storyboard; sourceTree = "<group>"; };
		D1F8D07626CAB9D200AF95CB /* Assets.xcassets */ = {isa = PBXFileReference; lastKnownFileType = folder.assetcatalog; path = Assets.xcassets; sourceTree = "<group>"; };
		D1F8D07926CAB9D200AF95CB /* Base */ = {isa = PBXFileReference; lastKnownFileType = file.storyboard; name = Base; path = Base.lproj/LaunchScreen.storyboard; sourceTree = "<group>"; };
		D1F8D07B26CAB9D200AF95CB /* Info.plist */ = {isa = PBXFileReference; lastKnownFileType = text.plist.xml; path = Info.plist; sourceTree = "<group>"; };
		D1F8D08126CABDEE00AF95CB /* ImgurCell.swift */ = {isa = PBXFileReference; lastKnownFileType = sourcecode.swift; path = ImgurCell.swift; sourceTree = "<group>"; };
		D1F8D08326CABF7D00AF95CB /* NetworkingService.swift */ = {isa = PBXFileReference; lastKnownFileType = sourcecode.swift; path = NetworkingService.swift; sourceTree = "<group>"; };
		D1F8D08526CAC26900AF95CB /* GetImgurResponse.swift */ = {isa = PBXFileReference; lastKnownFileType = sourcecode.swift; path = GetImgurResponse.swift; sourceTree = "<group>"; };
		D1F8D08726CAC57C00AF95CB /* Imgur.swift */ = {isa = PBXFileReference; lastKnownFileType = sourcecode.swift; path = Imgur.swift; sourceTree = "<group>"; };
		D1F8D08926CAC6A700AF95CB /* MyError.swift */ = {isa = PBXFileReference; lastKnownFileType = sourcecode.swift; path = MyError.swift; sourceTree = "<group>"; };
		D1F8D08B26CACEBB00AF95CB /* ImageCache.swift */ = {isa = PBXFileReference; lastKnownFileType = sourcecode.swift; path = ImageCache.swift; sourceTree = "<group>"; };
/* End PBXFileReference section */

/* Begin PBXFrameworksBuildPhase section */
		D1F8D06726CAB9D100AF95CB /* Frameworks */ = {
			isa = PBXFrameworksBuildPhase;
			buildActionMask = 2147483647;
			files = (
			);
			runOnlyForDeploymentPostprocessing = 0;
		};
/* End PBXFrameworksBuildPhase section */

/* Begin PBXGroup section */
		D1F8D06126CAB9D100AF95CB = {
			isa = PBXGroup;
			children = (
				D1F8D06C26CAB9D100AF95CB /* Imgur2 */,
				D1F8D06B26CAB9D100AF95CB /* Products */,
			);
			sourceTree = "<group>";
		};
		D1F8D06B26CAB9D100AF95CB /* Products */ = {
			isa = PBXGroup;
			children = (
				D1F8D06A26CAB9D100AF95CB /* Imgur2.app */,
			);
			name = Products;
			sourceTree = "<group>";
		};
		D1F8D06C26CAB9D100AF95CB /* Imgur2 */ = {
			isa = PBXGroup;
			children = (
				D1F8D06D26CAB9D100AF95CB /* AppDelegate.swift */,
				D1F8D06F26CAB9D100AF95CB /* SceneDelegate.swift */,
				D1F8D07126CAB9D100AF95CB /* ViewController.swift */,
				D1F8D07326CAB9D100AF95CB /* Main.storyboard */,
				D1F8D08126CABDEE00AF95CB /* ImgurCell.swift */,
				D1F8D08B26CACEBB00AF95CB /* ImageCache.swift */,
				D1F8D08526CAC26900AF95CB /* GetImgurResponse.swift */,
				D1F8D08926CAC6A700AF95CB /* MyError.swift */,
				D1F8D07626CAB9D200AF95CB /* Assets.xcassets */,
				D1F8D07826CAB9D200AF95CB /* LaunchScreen.storyboard */,
				D1F8D07B26CAB9D200AF95CB /* Info.plist */,
				D1F8D08326CABF7D00AF95CB /* NetworkingService.swift */,
				D1F8D08726CAC57C00AF95CB /* Imgur.swift */,
			);
			path = Imgur2;
			sourceTree = "<group>";
		};
/* End PBXGroup section */

/* Begin PBXNativeTarget section */
		D1F8D06926CAB9D100AF95CB /* Imgur2 */ = {
			isa = PBXNativeTarget;
			buildConfigurationList = D1F8D07E26CAB9D200AF95CB /* Build configuration list for PBXNativeTarget "Imgur2" */;
			buildPhases = (
				D1F8D06626CAB9D100AF95CB /* Sources */,
				D1F8D06726CAB9D100AF95CB /* Frameworks */,
				D1F8D06826CAB9D100AF95CB /* Resources */,
			);
			buildRules = (
			);
			dependencies = (
			);
			name = Imgur2;
			productName = Imgur2;
			productReference = D1F8D06A26CAB9D100AF95CB /* Imgur2.app */;
			productType = "com.apple.product-type.application";
		};
/* End PBXNativeTarget section */

/* Begin PBXProject section */
		D1F8D06226CAB9D100AF95CB /* Project object */ = {
			isa = PBXProject;
			attributes = {
				LastSwiftUpdateCheck = 1250;
				LastUpgradeCheck = 1250;
				TargetAttributes = {
					D1F8D06926CAB9D100AF95CB = {
						CreatedOnToolsVersion = 12.5;
					};
				};
			};
			buildConfigurationList = D1F8D06526CAB9D100AF95CB /* Build configuration list for PBXProject "Imgur2" */;
			compatibilityVersion = "Xcode 9.3";
			developmentRegion = en;
			hasScannedForEncodings = 0;
			knownRegions = (
				en,
				Base,
			);
			mainGroup = D1F8D06126CAB9D100AF95CB;
			productRefGroup = D1F8D06B26CAB9D100AF95CB /* Products */;
			projectDirPath = "";
			projectRoot = "";
			targets = (
				D1F8D06926CAB9D100AF95CB /* Imgur2 */,
			);
		};
/* End PBXProject section */

/* Begin PBXResourcesBuildPhase section */
		D1F8D06826CAB9D100AF95CB /* Resources */ = {
			isa = PBXResourcesBuildPhase;
			buildActionMask = 2147483647;
			files = (
				D1F8D07A26CAB9D200AF95CB /* LaunchScreen.storyboard in Resources */,
				D1F8D07726CAB9D200AF95CB /* Assets.xcassets in Resources */,
				D1F8D07526CAB9D100AF95CB /* Main.storyboard in Resources */,
			);
			runOnlyForDeploymentPostprocessing = 0;
		};
/* End PBXResourcesBuildPhase section */

/* Begin PBXSourcesBuildPhase section */
		D1F8D06626CAB9D100AF95CB /* Sources */ = {
			isa = PBXSourcesBuildPhase;
			buildActionMask = 2147483647;
			files = (
				D1F8D08A26CAC6A700AF95CB /* MyError.swift in Sources */,
				D1F8D08426CABF7D00AF95CB /* NetworkingService.swift in Sources */,
				D1F8D07226CAB9D100AF95CB /* ViewController.swift in Sources */,
				D1F8D08C26CACEBB00AF95CB /* ImageCache.swift in Sources */,
				D1F8D08626CAC26900AF95CB /* GetImgurResponse.swift in Sources */,
				D1F8D06E26CAB9D100AF95CB /* AppDelegate.swift in Sources */,
				D1F8D08826CAC57C00AF95CB /* Imgur.swift in Sources */,
				D1F8D08226CABDEE00AF95CB /* ImgurCell.swift in Sources */,
				D1F8D07026CAB9D100AF95CB /* SceneDelegate.swift in Sources */,
			);
			runOnlyForDeploymentPostprocessing = 0;
		};
/* End PBXSourcesBuildPhase section */

/* Begin PBXVariantGroup section */
		D1F8D07326CAB9D100AF95CB /* Main.storyboard */ = {
			isa = PBXVariantGroup;
			children = (
				D1F8D07426CAB9D100AF95CB /* Base */,
			);
			name = Main.storyboard;
			sourceTree = "<group>";
		};
		D1F8D07826CAB9D200AF95CB /* LaunchScreen.storyboard */ = {
			isa = PBXVariantGroup;
			children = (
				D1F8D07926CAB9D200AF95CB /* Base */,
			);
			name = LaunchScreen.storyboard;
			sourceTree = "<group>";
		};
/* End PBXVariantGroup section */

/* Begin XCBuildConfiguration section */
		D1F8D07C26CAB9D200AF95CB /* Debug */ = {
			isa = XCBuildConfiguration;
			buildSettings = {
				ALWAYS_SEARCH_USER_PATHS = NO;
				CLANG_ANALYZER_NONNULL = YES;
				CLANG_ANALYZER_NUMBER_OBJECT_CONVERSION = YES_AGGRESSIVE;
				CLANG_CXX_LANGUAGE_STANDARD = "gnu++14";
				CLANG_CXX_LIBRARY = "libc++";
				CLANG_ENABLE_MODULES = YES;
				CLANG_ENABLE_OBJC_ARC = YES;
				CLANG_ENABLE_OBJC_WEAK = YES;
				CLANG_WARN_BLOCK_CAPTURE_AUTORELEASING = YES;
				CLANG_WARN_BOOL_CONVERSION = YES;
				CLANG_WARN_COMMA = YES;
				CLANG_WARN_CONSTANT_CONVERSION = YES;
				CLANG_WARN_DEPRECATED_OBJC_IMPLEMENTATIONS = YES;
				CLANG_WARN_DIRECT_OBJC_ISA_USAGE = YES_ERROR;
				CLANG_WARN_DOCUMENTATION_COMMENTS = YES;
				CLANG_WARN_EMPTY_BODY = YES;
				CLANG_WARN_ENUM_CONVERSION = YES;
				CLANG_WARN_INFINITE_RECURSION = YES;
				CLANG_WARN_INT_CONVERSION = YES;
				CLANG_WARN_NON_LITERAL_NULL_CONVERSION = YES;
				CLANG_WARN_OBJC_IMPLICIT_RETAIN_SELF = YES;
				CLANG_WARN_OBJC_LITERAL_CONVERSION = YES;
				CLANG_WARN_OBJC_ROOT_CLASS = YES_ERROR;
				CLANG_WARN_QUOTED_INCLUDE_IN_FRAMEWORK_HEADER = YES;
				CLANG_WARN_RANGE_LOOP_ANALYSIS = YES;
				CLANG_WARN_STRICT_PROTOTYPES = YES;
				CLANG_WARN_SUSPICIOUS_MOVE = YES;
				CLANG_WARN_UNGUARDED_AVAILABILITY = YES_AGGRESSIVE;
				CLANG_WARN_UNREACHABLE_CODE = YES;
				CLANG_WARN__DUPLICATE_METHOD_MATCH = YES;
				COPY_PHASE_STRIP = NO;
				DEBUG_INFORMATION_FORMAT = dwarf;
				ENABLE_STRICT_OBJC_MSGSEND = YES;
				ENABLE_TESTABILITY = YES;
				GCC_C_LANGUAGE_STANDARD = gnu11;
				GCC_DYNAMIC_NO_PIC = NO;
				GCC_NO_COMMON_BLOCKS = YES;
				GCC_OPTIMIZATION_LEVEL = 0;
				GCC_PREPROCESSOR_DEFINITIONS = (
					"DEBUG=1",
					"$(inherited)",
				);
				GCC_WARN_64_TO_32_BIT_CONVERSION = YES;
				GCC_WARN_ABOUT_RETURN_TYPE = YES_ERROR;
				GCC_WARN_UNDECLARED_SELECTOR = YES;
				GCC_WARN_UNINITIALIZED_AUTOS = YES_AGGRESSIVE;
				GCC_WARN_UNUSED_FUNCTION = YES;
				GCC_WARN_UNUSED_VARIABLE = YES;
				IPHONEOS_DEPLOYMENT_TARGET = 14.5;
				MTL_ENABLE_DEBUG_INFO = INCLUDE_SOURCE;
				MTL_FAST_MATH = YES;
				ONLY_ACTIVE_ARCH = YES;
				SDKROOT = iphoneos;
				SWIFT_ACTIVE_COMPILATION_CONDITIONS = DEBUG;
				SWIFT_OPTIMIZATION_LEVEL = "-Onone";
			};
			name = Debug;
		};
		D1F8D07D26CAB9D200AF95CB /* Release */ = {
			isa = XCBuildConfiguration;
			buildSettings = {
				ALWAYS_SEARCH_USER_PATHS = NO;
				CLANG_ANALYZER_NONNULL = YES;
				CLANG_ANALYZER_NUMBER_OBJECT_CONVERSION = YES_AGGRESSIVE;
				CLANG_CXX_LANGUAGE_STANDARD = "gnu++14";
				CLANG_CXX_LIBRARY = "libc++";
				CLANG_ENABLE_MODULES = YES;
				CLANG_ENABLE_OBJC_ARC = YES;
				CLANG_ENABLE_OBJC_WEAK = YES;
				CLANG_WARN_BLOCK_CAPTURE_AUTORELEASING = YES;
				CLANG_WARN_BOOL_CONVERSION = YES;
				CLANG_WARN_COMMA = YES;
				CLANG_WARN_CONSTANT_CONVERSION = YES;
				CLANG_WARN_DEPRECATED_OBJC_IMPLEMENTATIONS = YES;
				CLANG_WARN_DIRECT_OBJC_ISA_USAGE = YES_ERROR;
				CLANG_WARN_DOCUMENTATION_COMMENTS = YES;
				CLANG_WARN_EMPTY_BODY = YES;
				CLANG_WARN_ENUM_CONVERSION = YES;
				CLANG_WARN_INFINITE_RECURSION = YES;
				CLANG_WARN_INT_CONVERSION = YES;
				CLANG_WARN_NON_LITERAL_NULL_CONVERSION = YES;
				CLANG_WARN_OBJC_IMPLICIT_RETAIN_SELF = YES;
				CLANG_WARN_OBJC_LITERAL_CONVERSION = YES;
				CLANG_WARN_OBJC_ROOT_CLASS = YES_ERROR;
				CLANG_WARN_QUOTED_INCLUDE_IN_FRAMEWORK_HEADER = YES;
				CLANG_WARN_RANGE_LOOP_ANALYSIS = YES;
				CLANG_WARN_STRICT_PROTOTYPES = YES;
				CLANG_WARN_SUSPICIOUS_MOVE = YES;
				CLANG_WARN_UNGUARDED_AVAILABILITY = YES_AGGRESSIVE;
				CLANG_WARN_UNREACHABLE_CODE = YES;
				CLANG_WARN__DUPLICATE_METHOD_MATCH = YES;
				COPY_PHASE_STRIP = NO;
				DEBUG_INFORMATION_FORMAT = "dwarf-with-dsym";
				ENABLE_NS_ASSERTIONS = NO;
				ENABLE_STRICT_OBJC_MSGSEND = YES;
				GCC_C_LANGUAGE_STANDARD = gnu11;
				GCC_NO_COMMON_BLOCKS = YES;
				GCC_WARN_64_TO_32_BIT_CONVERSION = YES;
				GCC_WARN_ABOUT_RETURN_TYPE = YES_ERROR;
				GCC_WARN_UNDECLARED_SELECTOR = YES;
				GCC_WARN_UNINITIALIZED_AUTOS = YES_AGGRESSIVE;
				GCC_WARN_UNUSED_FUNCTION = YES;
				GCC_WARN_UNUSED_VARIABLE = YES;
				IPHONEOS_DEPLOYMENT_TARGET = 14.5;
				MTL_ENABLE_DEBUG_INFO = NO;
				MTL_FAST_MATH = YES;
				SDKROOT = iphoneos;
				SWIFT_COMPILATION_MODE = wholemodule;
				SWIFT_OPTIMIZATION_LEVEL = "-O";
				VALIDATE_PRODUCT = YES;
			};
			name = Release;
		};
		D1F8D07F26CAB9D200AF95CB /* Debug */ = {
			isa = XCBuildConfiguration;
			buildSettings = {
				ASSETCATALOG_COMPILER_APPICON_NAME = AppIcon;
				ASSETCATALOG_COMPILER_GLOBAL_ACCENT_COLOR_NAME = AccentColor;
				CODE_SIGN_STYLE = Automatic;
				DEVELOPMENT_TEAM = 6U5233X9SB;
				INFOPLIST_FILE = Imgur2/Info.plist;
				LD_RUNPATH_SEARCH_PATHS = (
					"$(inherited)",
					"@executable_path/Frameworks",
				);
				PRODUCT_BUNDLE_IDENTIFIER = edu.dongguk.cs.Imgur2;
				PRODUCT_NAME = "$(TARGET_NAME)";
				SWIFT_VERSION = 5.0;
				TARGETED_DEVICE_FAMILY = "1,2";
			};
			name = Debug;
		};
		D1F8D08026CAB9D200AF95CB /* Release */ = {
			isa = XCBuildConfiguration;
			buildSettings = {
				ASSETCATALOG_COMPILER_APPICON_NAME = AppIcon;
				ASSETCATALOG_COMPILER_GLOBAL_ACCENT_COLOR_NAME = AccentColor;
				CODE_SIGN_STYLE = Automatic;
				DEVELOPMENT_TEAM = 6U5233X9SB;
				INFOPLIST_FILE = Imgur2/Info.plist;
				LD_RUNPATH_SEARCH_PATHS = (
					"$(inherited)",
					"@executable_path/Frameworks",
				);
				PRODUCT_BUNDLE_IDENTIFIER = edu.dongguk.cs.Imgur2;
				PRODUCT_NAME = "$(TARGET_NAME)";
				SWIFT_VERSION = 5.0;
				TARGETED_DEVICE_FAMILY = "1,2";
			};
			name = Release;
		};
/* End XCBuildConfiguration section */

/* Begin XCConfigurationList section */
		D1F8D06526CAB9D100AF95CB /* Build configuration list for PBXProject "Imgur2" */ = {
			isa = XCConfigurationList;
			buildConfigurations = (
				D1F8D07C26CAB9D200AF95CB /* Debug */,
				D1F8D07D26CAB9D200AF95CB /* Release */,
			);
			defaultConfigurationIsVisible = 0;
			defaultConfigurationName = Release;
		};
		D1F8D07E26CAB9D200AF95CB /* Build configuration list for PBXNativeTarget "Imgur2" */ = {
			isa = XCConfigurationList;
			buildConfigurations = (
				D1F8D07F26CAB9D200AF95CB /* Debug */,
				D1F8D08026CAB9D200AF95CB /* Release */,
			);
			defaultConfigurationIsVisible = 0;
			defaultConfigurationName = Release;
		};
/* End XCConfigurationList section */
	};
	rootObject = D1F8D06226CAB9D100AF95CB /* Project object */;
}
