// !$*UTF8*$!
{
	archiveVersion = 1;
	classes = {
	};
	objectVersion = 55;
	objects = {

/* Begin PBXBuildFile section */
		D12866CD272D83B200A70F05 /* AppDelegate.swift in Sources */ = {isa = PBXBuildFile; fileRef = D12866CC272D83B200A70F05 /* AppDelegate.swift */; };
		D12866CF272D83B200A70F05 /* SceneDelegate.swift in Sources */ = {isa = PBXBuildFile; fileRef = D12866CE272D83B200A70F05 /* SceneDelegate.swift */; };
		D12866D1272D83B200A70F05 /* ViewController.swift in Sources */ = {isa = PBXBuildFile; fileRef = D12866D0272D83B200A70F05 /* ViewController.swift */; };
		D12866D4272D83B200A70F05 /* Main.storyboard in Resources */ = {isa = PBXBuildFile; fileRef = D12866D2272D83B200A70F05 /* Main.storyboard */; };
		D12866D6272D83B400A70F05 /* Assets.xcassets in Resources */ = {isa = PBXBuildFile; fileRef = D12866D5272D83B400A70F05 /* Assets.xcassets */; };
		D12866D9272D83B400A70F05 /* LaunchScreen.storyboard in Resources */ = {isa = PBXBuildFile; fileRef = D12866D7272D83B400A70F05 /* LaunchScreen.storyboard */; };
		D12866E2272D83C400A70F05 /* libsqlite3.tbd in Frameworks */ = {isa = PBXBuildFile; fileRef = D12866E1272D83C400A70F05 /* libsqlite3.tbd */; };
		D12866FB272E40AB00A70F05 /* db.sqlite in Resources */ = {isa = PBXBuildFile; fileRef = D12866FA272E40AB00A70F05 /* db.sqlite */; };
		D138873B272F851B0058332D /* EmployeeDAO.swift in Sources */ = {isa = PBXBuildFile; fileRef = D138873A272F851B0058332D /* EmployeeDAO.swift */; };
		D138873D272F8E9D0058332D /* EmployeeVO.swift in Sources */ = {isa = PBXBuildFile; fileRef = D138873C272F8E9D0058332D /* EmployeeVO.swift */; };
		D16AA39A272F6F6F009EC9C9 /* FMDB in Frameworks */ = {isa = PBXBuildFile; productRef = D16AA399272F6F6F009EC9C9 /* FMDB */; };
		D16AA39F272F73D4009EC9C9 /* departmentDAO.swift in Sources */ = {isa = PBXBuildFile; fileRef = D16AA39E272F73D4009EC9C9 /* departmentDAO.swift */; };
		D17D076027304FC70038B423 /* DepartmentViewController.swift in Sources */ = {isa = PBXBuildFile; fileRef = D17D075F27304FC70038B423 /* DepartmentViewController.swift */; };
		D17D07632730E4320038B423 /* hr.sqlite in Resources */ = {isa = PBXBuildFile; fileRef = D17D07622730E4320038B423 /* hr.sqlite */; };
/* End PBXBuildFile section */

/* Begin PBXFileReference section */
		D12866C9272D83B200A70F05 /* database_example.app */ = {isa = PBXFileReference; explicitFileType = wrapper.application; includeInIndex = 0; path = database_example.app; sourceTree = BUILT_PRODUCTS_DIR; };
		D12866CC272D83B200A70F05 /* AppDelegate.swift */ = {isa = PBXFileReference; lastKnownFileType = sourcecode.swift; path = AppDelegate.swift; sourceTree = "<group>"; };
		D12866CE272D83B200A70F05 /* SceneDelegate.swift */ = {isa = PBXFileReference; lastKnownFileType = sourcecode.swift; path = SceneDelegate.swift; sourceTree = "<group>"; };
		D12866D0272D83B200A70F05 /* ViewController.swift */ = {isa = PBXFileReference; lastKnownFileType = sourcecode.swift; path = ViewController.swift; sourceTree = "<group>"; };
		D12866D3272D83B200A70F05 /* Base */ = {isa = PBXFileReference; lastKnownFileType = file.storyboard; name = Base; path = Base.lproj/Main.storyboard; sourceTree = "<group>"; };
		D12866D5272D83B400A70F05 /* Assets.xcassets */ = {isa = PBXFileReference; lastKnownFileType = folder.assetcatalog; path = Assets.xcassets; sourceTree = "<group>"; };
		D12866D8272D83B400A70F05 /* Base */ = {isa = PBXFileReference; lastKnownFileType = file.storyboard; name = Base; path = Base.lproj/LaunchScreen.storyboard; sourceTree = "<group>"; };
		D12866DA272D83B400A70F05 /* Info.plist */ = {isa = PBXFileReference; lastKnownFileType = text.plist.xml; path = Info.plist; sourceTree = "<group>"; };
		D12866E1272D83C400A70F05 /* libsqlite3.tbd */ = {isa = PBXFileReference; lastKnownFileType = "sourcecode.text-based-dylib-definition"; name = libsqlite3.tbd; path = usr/lib/libsqlite3.tbd; sourceTree = SDKROOT; };
		D12866E3272D840800A70F05 /* database_example-Bridging-Header.h */ = {isa = PBXFileReference; lastKnownFileType = sourcecode.c.h; path = "database_example-Bridging-Header.h"; sourceTree = "<group>"; };
		D12866FA272E40AB00A70F05 /* db.sqlite */ = {isa = PBXFileReference; lastKnownFileType = file; path = db.sqlite; sourceTree = "<group>"; };
		D138873A272F851B0058332D /* EmployeeDAO.swift */ = {isa = PBXFileReference; lastKnownFileType = sourcecode.swift; path = EmployeeDAO.swift; sourceTree = "<group>"; };
		D138873C272F8E9D0058332D /* EmployeeVO.swift */ = {isa = PBXFileReference; lastKnownFileType = sourcecode.swift; path = EmployeeVO.swift; sourceTree = "<group>"; };
		D16AA39E272F73D4009EC9C9 /* departmentDAO.swift */ = {isa = PBXFileReference; lastKnownFileType = sourcecode.swift; name = departmentDAO.swift; path = database_example/departmentDAO.swift; sourceTree = SOURCE_ROOT; };
		D17D075F27304FC70038B423 /* DepartmentViewController.swift */ = {isa = PBXFileReference; lastKnownFileType = sourcecode.swift; path = DepartmentViewController.swift; sourceTree = "<group>"; };
		D17D07622730E4320038B423 /* hr.sqlite */ = {isa = PBXFileReference; lastKnownFileType = file; path = hr.sqlite; sourceTree = "<group>"; };
/* End PBXFileReference section */

/* Begin PBXFrameworksBuildPhase section */
		D12866C6272D83B200A70F05 /* Frameworks */ = {
			isa = PBXFrameworksBuildPhase;
			buildActionMask = 2147483647;
			files = (
				D12866E2272D83C400A70F05 /* libsqlite3.tbd in Frameworks */,
				D16AA39A272F6F6F009EC9C9 /* FMDB in Frameworks */,
			);
			runOnlyForDeploymentPostprocessing = 0;
		};
/* End PBXFrameworksBuildPhase section */

/* Begin PBXGroup section */
		D12866C0272D83B200A70F05 = {
			isa = PBXGroup;
			children = (
				D12866CB272D83B200A70F05 /* database_example */,
				D12866CA272D83B200A70F05 /* Products */,
				D12866E0272D83C300A70F05 /* Frameworks */,
			);
			sourceTree = "<group>";
		};
		D12866CA272D83B200A70F05 /* Products */ = {
			isa = PBXGroup;
			children = (
				D12866C9272D83B200A70F05 /* database_example.app */,
			);
			name = Products;
			sourceTree = "<group>";
		};
		D12866CB272D83B200A70F05 /* database_example */ = {
			isa = PBXGroup;
			children = (
				D16AA39D272F7391009EC9C9 /* fmdb */,
				D12866E3272D840800A70F05 /* database_example-Bridging-Header.h */,
				D12866CC272D83B200A70F05 /* AppDelegate.swift */,
				D12866CE272D83B200A70F05 /* SceneDelegate.swift */,
				D12866D0272D83B200A70F05 /* ViewController.swift */,
				D12866D2272D83B200A70F05 /* Main.storyboard */,
				D17D075F27304FC70038B423 /* DepartmentViewController.swift */,
				D12866D5272D83B400A70F05 /* Assets.xcassets */,
				D12866FA272E40AB00A70F05 /* db.sqlite */,
				D12866D7272D83B400A70F05 /* LaunchScreen.storyboard */,
				D12866DA272D83B400A70F05 /* Info.plist */,
			);
			path = database_example;
			sourceTree = "<group>";
		};
		D12866E0272D83C300A70F05 /* Frameworks */ = {
			isa = PBXGroup;
			children = (
				D12866E1272D83C400A70F05 /* libsqlite3.tbd */,
			);
			name = Frameworks;
			sourceTree = "<group>";
		};
		D16AA39D272F7391009EC9C9 /* fmdb */ = {
			isa = PBXGroup;
			children = (
				D17D07622730E4320038B423 /* hr.sqlite */,
				D16AA39E272F73D4009EC9C9 /* departmentDAO.swift */,
				D138873A272F851B0058332D /* EmployeeDAO.swift */,
				D138873C272F8E9D0058332D /* EmployeeVO.swift */,
			);
			path = fmdb;
			sourceTree = "<group>";
		};
/* End PBXGroup section */

/* Begin PBXNativeTarget section */
		D12866C8272D83B200A70F05 /* database_example */ = {
			isa = PBXNativeTarget;
			buildConfigurationList = D12866DD272D83B400A70F05 /* Build configuration list for PBXNativeTarget "database_example" */;
			buildPhases = (
				D12866C5272D83B200A70F05 /* Sources */,
				D12866C6272D83B200A70F05 /* Frameworks */,
				D12866C7272D83B200A70F05 /* Resources */,
			);
			buildRules = (
			);
			dependencies = (
			);
			name = database_example;
			packageProductDependencies = (
				D16AA399272F6F6F009EC9C9 /* FMDB */,
			);
			productName = database_example;
			productReference = D12866C9272D83B200A70F05 /* database_example.app */;
			productType = "com.apple.product-type.application";
		};
/* End PBXNativeTarget section */

/* Begin PBXProject section */
		D12866C1272D83B200A70F05 /* Project object */ = {
			isa = PBXProject;
			attributes = {
				BuildIndependentTargetsInParallel = 1;
				LastSwiftUpdateCheck = 1300;
				LastUpgradeCheck = 1300;
				TargetAttributes = {
					D12866C8272D83B200A70F05 = {
						CreatedOnToolsVersion = 13.0;
					};
				};
			};
			buildConfigurationList = D12866C4272D83B200A70F05 /* Build configuration list for PBXProject "database_example" */;
			compatibilityVersion = "Xcode 13.0";
			developmentRegion = en;
			hasScannedForEncodings = 0;
			knownRegions = (
				en,
				Base,
			);
			mainGroup = D12866C0272D83B200A70F05;
			packageReferences = (
				D16AA398272F6F6F009EC9C9 /* XCRemoteSwiftPackageReference "fmdb" */,
			);
			productRefGroup = D12866CA272D83B200A70F05 /* Products */;
			projectDirPath = "";
			projectRoot = "";
			targets = (
				D12866C8272D83B200A70F05 /* database_example */,
			);
		};
/* End PBXProject section */

/* Begin PBXResourcesBuildPhase section */
		D12866C7272D83B200A70F05 /* Resources */ = {
			isa = PBXResourcesBuildPhase;
			buildActionMask = 2147483647;
			files = (
				D12866D9272D83B400A70F05 /* LaunchScreen.storyboard in Resources */,
				D12866D6272D83B400A70F05 /* Assets.xcassets in Resources */,
				D17D07632730E4320038B423 /* hr.sqlite in Resources */,
				D12866D4272D83B200A70F05 /* Main.storyboard in Resources */,
				D12866FB272E40AB00A70F05 /* db.sqlite in Resources */,
			);
			runOnlyForDeploymentPostprocessing = 0;
		};
/* End PBXResourcesBuildPhase section */

/* Begin PBXSourcesBuildPhase section */
		D12866C5272D83B200A70F05 /* Sources */ = {
			isa = PBXSourcesBuildPhase;
			buildActionMask = 2147483647;
			files = (
				D12866D1272D83B200A70F05 /* ViewController.swift in Sources */,
				D12866CD272D83B200A70F05 /* AppDelegate.swift in Sources */,
				D138873D272F8E9D0058332D /* EmployeeVO.swift in Sources */,
				D138873B272F851B0058332D /* EmployeeDAO.swift in Sources */,
				D17D076027304FC70038B423 /* DepartmentViewController.swift in Sources */,
				D16AA39F272F73D4009EC9C9 /* departmentDAO.swift in Sources */,
				D12866CF272D83B200A70F05 /* SceneDelegate.swift in Sources */,
			);
			runOnlyForDeploymentPostprocessing = 0;
		};
/* End PBXSourcesBuildPhase section */

/* Begin PBXVariantGroup section */
		D12866D2272D83B200A70F05 /* Main.storyboard */ = {
			isa = PBXVariantGroup;
			children = (
				D12866D3272D83B200A70F05 /* Base */,
			);
			name = Main.storyboard;
			sourceTree = "<group>";
		};
		D12866D7272D83B400A70F05 /* LaunchScreen.storyboard */ = {
			isa = PBXVariantGroup;
			children = (
				D12866D8272D83B400A70F05 /* Base */,
			);
			name = LaunchScreen.storyboard;
			sourceTree = "<group>";
		};
/* End PBXVariantGroup section */

/* Begin XCBuildConfiguration section */
		D12866DB272D83B400A70F05 /* Debug */ = {
			isa = XCBuildConfiguration;
			buildSettings = {
				ALWAYS_SEARCH_USER_PATHS = NO;
				CLANG_ANALYZER_NONNULL = YES;
				CLANG_ANALYZER_NUMBER_OBJECT_CONVERSION = YES_AGGRESSIVE;
				CLANG_CXX_LANGUAGE_STANDARD = "gnu++17";
				CLANG_CXX_LIBRARY = "libc++";
				CLANG_ENABLE_MODULES = YES;
				CLANG_ENABLE_OBJC_ARC = YES;
				CLANG_ENABLE_OBJC_WEAK = YES;
				CLANG_WARN_BLOCK_CAPTURE_AUTORELEASING = YES;
				CLANG_WARN_BOOL_CONVERSION = YES;
				CLANG_WARN_COMMA = YES;
				CLANG_WARN_CONSTANT_CONVERSION = YES;
				CLANG_WARN_DEPRECATED_OBJC_IMPLEMENTATIONS = YES;
				CLANG_WARN_DIRECT_OBJC_ISA_USAGE = YES_ERROR;
				CLANG_WARN_DOCUMENTATION_COMMENTS = YES;
				CLANG_WARN_EMPTY_BODY = YES;
				CLANG_WARN_ENUM_CONVERSION = YES;
				CLANG_WARN_INFINITE_RECURSION = YES;
				CLANG_WARN_INT_CONVERSION = YES;
				CLANG_WARN_NON_LITERAL_NULL_CONVERSION = YES;
				CLANG_WARN_OBJC_IMPLICIT_RETAIN_SELF = YES;
				CLANG_WARN_OBJC_LITERAL_CONVERSION = YES;
				CLANG_WARN_OBJC_ROOT_CLASS = YES_ERROR;
				CLANG_WARN_QUOTED_INCLUDE_IN_FRAMEWORK_HEADER = YES;
				CLANG_WARN_RANGE_LOOP_ANALYSIS = YES;
				CLANG_WARN_STRICT_PROTOTYPES = YES;
				CLANG_WARN_SUSPICIOUS_MOVE = YES;
				CLANG_WARN_UNGUARDED_AVAILABILITY = YES_AGGRESSIVE;
				CLANG_WARN_UNREACHABLE_CODE = YES;
				CLANG_WARN__DUPLICATE_METHOD_MATCH = YES;
				COPY_PHASE_STRIP = NO;
				DEBUG_INFORMATION_FORMAT = dwarf;
				ENABLE_STRICT_OBJC_MSGSEND = YES;
				ENABLE_TESTABILITY = YES;
				GCC_C_LANGUAGE_STANDARD = gnu11;
				GCC_DYNAMIC_NO_PIC = NO;
				GCC_NO_COMMON_BLOCKS = YES;
				GCC_OPTIMIZATION_LEVEL = 0;
				GCC_PREPROCESSOR_DEFINITIONS = (
					"DEBUG=1",
					"$(inherited)",
				);
				GCC_WARN_64_TO_32_BIT_CONVERSION = YES;
				GCC_WARN_ABOUT_RETURN_TYPE = YES_ERROR;
				GCC_WARN_UNDECLARED_SELECTOR = YES;
				GCC_WARN_UNINITIALIZED_AUTOS = YES_AGGRESSIVE;
				GCC_WARN_UNUSED_FUNCTION = YES;
				GCC_WARN_UNUSED_VARIABLE = YES;
				IPHONEOS_DEPLOYMENT_TARGET = 15.0;
				MTL_ENABLE_DEBUG_INFO = INCLUDE_SOURCE;
				MTL_FAST_MATH = YES;
				ONLY_ACTIVE_ARCH = YES;
				SDKROOT = iphoneos;
				SWIFT_ACTIVE_COMPILATION_CONDITIONS = DEBUG;
				SWIFT_OPTIMIZATION_LEVEL = "-Onone";
			};
			name = Debug;
		};
		D12866DC272D83B400A70F05 /* Release */ = {
			isa = XCBuildConfiguration;
			buildSettings = {
				ALWAYS_SEARCH_USER_PATHS = NO;
				CLANG_ANALYZER_NONNULL = YES;
				CLANG_ANALYZER_NUMBER_OBJECT_CONVERSION = YES_AGGRESSIVE;
				CLANG_CXX_LANGUAGE_STANDARD = "gnu++17";
				CLANG_CXX_LIBRARY = "libc++";
				CLANG_ENABLE_MODULES = YES;
				CLANG_ENABLE_OBJC_ARC = YES;
				CLANG_ENABLE_OBJC_WEAK = YES;
				CLANG_WARN_BLOCK_CAPTURE_AUTORELEASING = YES;
				CLANG_WARN_BOOL_CONVERSION = YES;
				CLANG_WARN_COMMA = YES;
				CLANG_WARN_CONSTANT_CONVERSION = YES;
				CLANG_WARN_DEPRECATED_OBJC_IMPLEMENTATIONS = YES;
				CLANG_WARN_DIRECT_OBJC_ISA_USAGE = YES_ERROR;
				CLANG_WARN_DOCUMENTATION_COMMENTS = YES;
				CLANG_WARN_EMPTY_BODY = YES;
				CLANG_WARN_ENUM_CONVERSION = YES;
				CLANG_WARN_INFINITE_RECURSION = YES;
				CLANG_WARN_INT_CONVERSION = YES;
				CLANG_WARN_NON_LITERAL_NULL_CONVERSION = YES;
				CLANG_WARN_OBJC_IMPLICIT_RETAIN_SELF = YES;
				CLANG_WARN_OBJC_LITERAL_CONVERSION = YES;
				CLANG_WARN_OBJC_ROOT_CLASS = YES_ERROR;
				CLANG_WARN_QUOTED_INCLUDE_IN_FRAMEWORK_HEADER = YES;
				CLANG_WARN_RANGE_LOOP_ANALYSIS = YES;
				CLANG_WARN_STRICT_PROTOTYPES = YES;
				CLANG_WARN_SUSPICIOUS_MOVE = YES;
				CLANG_WARN_UNGUARDED_AVAILABILITY = YES_AGGRESSIVE;
				CLANG_WARN_UNREACHABLE_CODE = YES;
				CLANG_WARN__DUPLICATE_METHOD_MATCH = YES;
				COPY_PHASE_STRIP = NO;
				DEBUG_INFORMATION_FORMAT = "dwarf-with-dsym";
				ENABLE_NS_ASSERTIONS = NO;
				ENABLE_STRICT_OBJC_MSGSEND = YES;
				GCC_C_LANGUAGE_STANDARD = gnu11;
				GCC_NO_COMMON_BLOCKS = YES;
				GCC_WARN_64_TO_32_BIT_CONVERSION = YES;
				GCC_WARN_ABOUT_RETURN_TYPE = YES_ERROR;
				GCC_WARN_UNDECLARED_SELECTOR = YES;
				GCC_WARN_UNINITIALIZED_AUTOS = YES_AGGRESSIVE;
				GCC_WARN_UNUSED_FUNCTION = YES;
				GCC_WARN_UNUSED_VARIABLE = YES;
				IPHONEOS_DEPLOYMENT_TARGET = 15.0;
				MTL_ENABLE_DEBUG_INFO = NO;
				MTL_FAST_MATH = YES;
				SDKROOT = iphoneos;
				SWIFT_COMPILATION_MODE = wholemodule;
				SWIFT_OPTIMIZATION_LEVEL = "-O";
				VALIDATE_PRODUCT = YES;
			};
			name = Release;
		};
		D12866DE272D83B400A70F05 /* Debug */ = {
			isa = XCBuildConfiguration;
			buildSettings = {
				ASSETCATALOG_COMPILER_APPICON_NAME = AppIcon;
				ASSETCATALOG_COMPILER_GLOBAL_ACCENT_COLOR_NAME = AccentColor;
				CODE_SIGN_STYLE = Automatic;
				CURRENT_PROJECT_VERSION = 1;
				DEVELOPMENT_TEAM = 6U5233X9SB;
				GENERATE_INFOPLIST_FILE = YES;
				INFOPLIST_FILE = database_example/Info.plist;
				INFOPLIST_KEY_UIApplicationSupportsIndirectInputEvents = YES;
				INFOPLIST_KEY_UILaunchStoryboardName = LaunchScreen;
				INFOPLIST_KEY_UIMainStoryboardFile = Main;
				INFOPLIST_KEY_UISupportedInterfaceOrientations_iPad = "UIInterfaceOrientationPortrait UIInterfaceOrientationPortraitUpsideDown UIInterfaceOrientationLandscapeLeft UIInterfaceOrientationLandscapeRight";
				INFOPLIST_KEY_UISupportedInterfaceOrientations_iPhone = "UIInterfaceOrientationPortrait UIInterfaceOrientationLandscapeLeft UIInterfaceOrientationLandscapeRight";
				LD_RUNPATH_SEARCH_PATHS = (
					"$(inherited)",
					"@executable_path/Frameworks",
				);
				MARKETING_VERSION = 1.0;
				PRODUCT_BUNDLE_IDENTIFIER = "edu.dongguk.cs.database-example";
				PRODUCT_NAME = "$(TARGET_NAME)";
				SWIFT_EMIT_LOC_STRINGS = YES;
				SWIFT_OBJC_BRIDGING_HEADER = "/Users/wankikim/Documents/github/Report/TIL/Language/Swift/ExampleProject/database_example/database_example/database_example-Bridging-Header.h";
				SWIFT_VERSION = 5.0;
				TARGETED_DEVICE_FAMILY = "1,2";
			};
			name = Debug;
		};
		D12866DF272D83B400A70F05 /* Release */ = {
			isa = XCBuildConfiguration;
			buildSettings = {
				ASSETCATALOG_COMPILER_APPICON_NAME = AppIcon;
				ASSETCATALOG_COMPILER_GLOBAL_ACCENT_COLOR_NAME = AccentColor;
				CODE_SIGN_STYLE = Automatic;
				CURRENT_PROJECT_VERSION = 1;
				DEVELOPMENT_TEAM = 6U5233X9SB;
				GENERATE_INFOPLIST_FILE = YES;
				INFOPLIST_FILE = database_example/Info.plist;
				INFOPLIST_KEY_UIApplicationSupportsIndirectInputEvents = YES;
				INFOPLIST_KEY_UILaunchStoryboardName = LaunchScreen;
				INFOPLIST_KEY_UIMainStoryboardFile = Main;
				INFOPLIST_KEY_UISupportedInterfaceOrientations_iPad = "UIInterfaceOrientationPortrait UIInterfaceOrientationPortraitUpsideDown UIInterfaceOrientationLandscapeLeft UIInterfaceOrientationLandscapeRight";
				INFOPLIST_KEY_UISupportedInterfaceOrientations_iPhone = "UIInterfaceOrientationPortrait UIInterfaceOrientationLandscapeLeft UIInterfaceOrientationLandscapeRight";
				LD_RUNPATH_SEARCH_PATHS = (
					"$(inherited)",
					"@executable_path/Frameworks",
				);
				MARKETING_VERSION = 1.0;
				PRODUCT_BUNDLE_IDENTIFIER = "edu.dongguk.cs.database-example";
				PRODUCT_NAME = "$(TARGET_NAME)";
				SWIFT_EMIT_LOC_STRINGS = YES;
				SWIFT_OBJC_BRIDGING_HEADER = "/Users/wankikim/Documents/github/Report/TIL/Language/Swift/ExampleProject/database_example/database_example/database_example-Bridging-Header.h";
				SWIFT_VERSION = 5.0;
				TARGETED_DEVICE_FAMILY = "1,2";
			};
			name = Release;
		};
/* End XCBuildConfiguration section */

/* Begin XCConfigurationList section */
		D12866C4272D83B200A70F05 /* Build configuration list for PBXProject "database_example" */ = {
			isa = XCConfigurationList;
			buildConfigurations = (
				D12866DB272D83B400A70F05 /* Debug */,
				D12866DC272D83B400A70F05 /* Release */,
			);
			defaultConfigurationIsVisible = 0;
			defaultConfigurationName = Release;
		};
		D12866DD272D83B400A70F05 /* Build configuration list for PBXNativeTarget "database_example" */ = {
			isa = XCConfigurationList;
			buildConfigurations = (
				D12866DE272D83B400A70F05 /* Debug */,
				D12866DF272D83B400A70F05 /* Release */,
			);
			defaultConfigurationIsVisible = 0;
			defaultConfigurationName = Release;
		};
/* End XCConfigurationList section */

/* Begin XCRemoteSwiftPackageReference section */
		D16AA398272F6F6F009EC9C9 /* XCRemoteSwiftPackageReference "fmdb" */ = {
			isa = XCRemoteSwiftPackageReference;
			repositoryURL = "https://github.com/ccgus/fmdb.git";
			requirement = {
				kind = upToNextMajorVersion;
				minimumVersion = 2.0.0;
			};
		};
/* End XCRemoteSwiftPackageReference section */

/* Begin XCSwiftPackageProductDependency section */
		D16AA399272F6F6F009EC9C9 /* FMDB */ = {
			isa = XCSwiftPackageProductDependency;
			package = D16AA398272F6F6F009EC9C9 /* XCRemoteSwiftPackageReference "fmdb" */;
			productName = FMDB;
		};
/* End XCSwiftPackageProductDependency section */
	};
	rootObject = D12866C1272D83B200A70F05 /* Project object */;
}
